
Microsoft Visual Studio Solution File, Format Version 12.00
# Visual Studio Version 16
VisualStudioVersion = 16.0.30711.63
MinimumVisualStudioVersion = 10.0.40219.1
Project("{FAE04EC0-301F-11D3-BF4B-00C04F79EFBC}") = "Exercise 2", "Exercise 2\Exercise 2.csproj", "{61EBBD57-832E-45B2-9B18-21D9031BEA97}"
EndProject
Global
	GlobalSection(SolutionConfigurationPlatforms) = preSolution
		Debug|Any CPU = Debug|Any CPU
		Release|Any CPU = Release|Any CPU
	EndGlobalSection
	GlobalSection(ProjectConfigurationPlatforms) = postSolution
		{61EBBD57-832E-45B2-9B18-21D9031BEA97}.Debug|Any CPU.ActiveCfg = Debug|Any CPU
		{61EBBD57-832E-45B2-9B18-21D9031BEA97}.Debug|Any CPU.Build.0 = Debug|Any CPU
		{61EBBD57-832E-45B2-9B18-21D9031BEA97}.Release|Any CPU.ActiveCfg = Release|Any CPU
		{61EBBD57-832E-45B2-9B18-21D9031BEA97}.Release|Any CPU.Build.0 = Release|Any CPU
	EndGlobalSection
	GlobalSection(SolutionProperties) = preSolution
		HideSolutionNode = FALSE
	EndGlobalSection
	GlobalSection(ExtensibilityGlobals) = postSolution
		SolutionGuid = {B6EDF01B-2564-4CE9-9E63-A55933972665}
	EndGlobalSection
EndGlobal
