
Microsoft Visual Studio Solution File, Format Version 12.00
# Visual Studio Version 16
VisualStudioVersion = 16.0.30711.63
MinimumVisualStudioVersion = 10.0.40219.1
Project("{9A19103F-16F7-4668-BE54-9A1E7A4F7556}") = "Class12Practice", "Class12Practice\Class12Practice.csproj", "{0B0D89FC-C545-4BE7-9765-522B0C108EEE}"
EndProject
Project("{9A19103F-16F7-4668-BE54-9A1E7A4F7556}") = "StringBuilder", "StringBuilder\StringBuilder.csproj", "{EAA3DEBD-61F1-4D1C-A03F-2637EDF1FB01}"
EndProject
Project("{9A19103F-16F7-4668-BE54-9A1E7A4F7556}") = "parameter", "parameter\parameter.csproj", "{9B6C655E-920B-48E2-A27E-E354F24EE2D7}"
EndProject
Project("{9A19103F-16F7-4668-BE54-9A1E7A4F7556}") = "Tuples", "Tuples\Tuples.csproj", "{D709D797-9C92-4570-80D2-685A0B1BA2BA}"
EndProject
Project("{FAE04EC0-301F-11D3-BF4B-00C04F79EFBC}") = "NullableAndAnonymous", "NullableAndAnonymous\NullableAndAnonymous.csproj", "{902175D7-7FA7-4D6B-B6D5-F3CD1D479509}"
EndProject
Global
	GlobalSection(SolutionConfigurationPlatforms) = preSolution
		Debug|Any CPU = Debug|Any CPU
		Release|Any CPU = Release|Any CPU
	EndGlobalSection
	GlobalSection(ProjectConfigurationPlatforms) = postSolution
		{0B0D89FC-C545-4BE7-9765-522B0C108EEE}.Debug|Any CPU.ActiveCfg = Debug|Any CPU
		{0B0D89FC-C545-4BE7-9765-522B0C108EEE}.Debug|Any CPU.Build.0 = Debug|Any CPU
		{0B0D89FC-C545-4BE7-9765-522B0C108EEE}.Release|Any CPU.ActiveCfg = Release|Any CPU
		{0B0D89FC-C545-4BE7-9765-522B0C108EEE}.Release|Any CPU.Build.0 = Release|Any CPU
		{EAA3DEBD-61F1-4D1C-A03F-2637EDF1FB01}.Debug|Any CPU.ActiveCfg = Debug|Any CPU
		{EAA3DEBD-61F1-4D1C-A03F-2637EDF1FB01}.Debug|Any CPU.Build.0 = Debug|Any CPU
		{EAA3DEBD-61F1-4D1C-A03F-2637EDF1FB01}.Release|Any CPU.ActiveCfg = Release|Any CPU
		{EAA3DEBD-61F1-4D1C-A03F-2637EDF1FB01}.Release|Any CPU.Build.0 = Release|Any CPU
		{9B6C655E-920B-48E2-A27E-E354F24EE2D7}.Debug|Any CPU.ActiveCfg = Debug|Any CPU
		{9B6C655E-920B-48E2-A27E-E354F24EE2D7}.Debug|Any CPU.Build.0 = Debug|Any CPU
		{9B6C655E-920B-48E2-A27E-E354F24EE2D7}.Release|Any CPU.ActiveCfg = Release|Any CPU
		{9B6C655E-920B-48E2-A27E-E354F24EE2D7}.Release|Any CPU.Build.0 = Release|Any CPU
		{D709D797-9C92-4570-80D2-685A0B1BA2BA}.Debug|Any CPU.ActiveCfg = Debug|Any CPU
		{D709D797-9C92-4570-80D2-685A0B1BA2BA}.Debug|Any CPU.Build.0 = Debug|Any CPU
		{D709D797-9C92-4570-80D2-685A0B1BA2BA}.Release|Any CPU.ActiveCfg = Release|Any CPU
		{D709D797-9C92-4570-80D2-685A0B1BA2BA}.Release|Any CPU.Build.0 = Release|Any CPU
		{902175D7-7FA7-4D6B-B6D5-F3CD1D479509}.Debug|Any CPU.ActiveCfg = Debug|Any CPU
		{902175D7-7FA7-4D6B-B6D5-F3CD1D479509}.Debug|Any CPU.Build.0 = Debug|Any CPU
		{902175D7-7FA7-4D6B-B6D5-F3CD1D479509}.Release|Any CPU.ActiveCfg = Release|Any CPU
		{902175D7-7FA7-4D6B-B6D5-F3CD1D479509}.Release|Any CPU.Build.0 = Release|Any CPU
	EndGlobalSection
	GlobalSection(SolutionProperties) = preSolution
		HideSolutionNode = FALSE
	EndGlobalSection
	GlobalSection(ExtensibilityGlobals) = postSolution
		SolutionGuid = {697B15DE-2090-4D2E-AF0E-DF4137F60088}
	EndGlobalSection
EndGlobal
