
Microsoft Visual Studio Solution File, Format Version 12.00
# Visual Studio Version 16
VisualStudioVersion = 16.0.30711.63
MinimumVisualStudioVersion = 10.0.40219.1
Project("{FAE04EC0-301F-11D3-BF4B-00C04F79EFBC}") = "CsharpFundamental", "CsharpFundamental\CsharpFundamental.csproj", "{3C26F1DC-1C38-4C4E-ADE6-E8633DD9A731}"
EndProject
Global
	GlobalSection(SolutionConfigurationPlatforms) = preSolution
		Debug|Any CPU = Debug|Any CPU
		Release|Any CPU = Release|Any CPU
	EndGlobalSection
	GlobalSection(ProjectConfigurationPlatforms) = postSolution
		{3C26F1DC-1C38-4C4E-ADE6-E8633DD9A731}.Debug|Any CPU.ActiveCfg = Debug|Any CPU
		{3C26F1DC-1C38-4C4E-ADE6-E8633DD9A731}.Debug|Any CPU.Build.0 = Debug|Any CPU
		{3C26F1DC-1C38-4C4E-ADE6-E8633DD9A731}.Release|Any CPU.ActiveCfg = Release|Any CPU
		{3C26F1DC-1C38-4C4E-ADE6-E8633DD9A731}.Release|Any CPU.Build.0 = Release|Any CPU
	EndGlobalSection
	GlobalSection(SolutionProperties) = preSolution
		HideSolutionNode = FALSE
	EndGlobalSection
	GlobalSection(ExtensibilityGlobals) = postSolution
		SolutionGuid = {25008FAB-7EB3-444C-B0BD-37FEB9C6ADE8}
	EndGlobalSection
EndGlobal
