
Microsoft Visual Studio Solution File, Format Version 12.00
# Visual Studio Version 16
VisualStudioVersion = 16.0.30711.63
MinimumVisualStudioVersion = 10.0.40219.1
Project("{FAE04EC0-301F-11D3-BF4B-00C04F79EFBC}") = "Valuetype", "Valuetype\Valuetype.csproj", "{BE25E118-5BA4-43EA-A0CE-DAB169886BB2}"
EndProject
Global
	GlobalSection(SolutionConfigurationPlatforms) = preSolution
		Debug|Any CPU = Debug|Any CPU
		Release|Any CPU = Release|Any CPU
	EndGlobalSection
	GlobalSection(ProjectConfigurationPlatforms) = postSolution
		{BE25E118-5BA4-43EA-A0CE-DAB169886BB2}.Debug|Any CPU.ActiveCfg = Debug|Any CPU
		{BE25E118-5BA4-43EA-A0CE-DAB169886BB2}.Debug|Any CPU.Build.0 = Debug|Any CPU
		{BE25E118-5BA4-43EA-A0CE-DAB169886BB2}.Release|Any CPU.ActiveCfg = Release|Any CPU
		{BE25E118-5BA4-43EA-A0CE-DAB169886BB2}.Release|Any CPU.Build.0 = Release|Any CPU
	EndGlobalSection
	GlobalSection(SolutionProperties) = preSolution
		HideSolutionNode = FALSE
	EndGlobalSection
	GlobalSection(ExtensibilityGlobals) = postSolution
		SolutionGuid = {22A0253D-6BFA-4CD3-A1EC-4999D89C8256}
	EndGlobalSection
EndGlobal
