
Microsoft Visual Studio Solution File, Format Version 12.00
# Visual Studio Version 16
VisualStudioVersion = 16.0.30711.63
MinimumVisualStudioVersion = 10.0.40219.1
Project("{FAE04EC0-301F-11D3-BF4B-00C04F79EFBC}") = "ReplaceArray", "ReplaceArray\ReplaceArray.csproj", "{D566587A-D9F4-41BB-8D49-160F31A269FE}"
EndProject
Global
	GlobalSection(SolutionConfigurationPlatforms) = preSolution
		Debug|Any CPU = Debug|Any CPU
		Release|Any CPU = Release|Any CPU
	EndGlobalSection
	GlobalSection(ProjectConfigurationPlatforms) = postSolution
		{D566587A-D9F4-41BB-8D49-160F31A269FE}.Debug|Any CPU.ActiveCfg = Debug|Any CPU
		{D566587A-D9F4-41BB-8D49-160F31A269FE}.Debug|Any CPU.Build.0 = Debug|Any CPU
		{D566587A-D9F4-41BB-8D49-160F31A269FE}.Release|Any CPU.ActiveCfg = Release|Any CPU
		{D566587A-D9F4-41BB-8D49-160F31A269FE}.Release|Any CPU.Build.0 = Release|Any CPU
	EndGlobalSection
	GlobalSection(SolutionProperties) = preSolution
		HideSolutionNode = FALSE
	EndGlobalSection
	GlobalSection(ExtensibilityGlobals) = postSolution
		SolutionGuid = {77DA2E2A-15AF-4710-9626-AB7BF72EA228}
	EndGlobalSection
EndGlobal
