
Microsoft Visual Studio Solution File, Format Version 12.00
# Visual Studio Version 16
VisualStudioVersion = 16.0.30711.63
MinimumVisualStudioVersion = 10.0.40219.1
Project("{FAE04EC0-301F-11D3-BF4B-00C04F79EFBC}") = "Binary search algo", "Binary search algo\Binary search algo.csproj", "{01592BA9-9D58-4A43-99B0-B411E72FFCE0}"
EndProject
Global
	GlobalSection(SolutionConfigurationPlatforms) = preSolution
		Debug|Any CPU = Debug|Any CPU
		Release|Any CPU = Release|Any CPU
	EndGlobalSection
	GlobalSection(ProjectConfigurationPlatforms) = postSolution
		{01592BA9-9D58-4A43-99B0-B411E72FFCE0}.Debug|Any CPU.ActiveCfg = Debug|Any CPU
		{01592BA9-9D58-4A43-99B0-B411E72FFCE0}.Debug|Any CPU.Build.0 = Debug|Any CPU
		{01592BA9-9D58-4A43-99B0-B411E72FFCE0}.Release|Any CPU.ActiveCfg = Release|Any CPU
		{01592BA9-9D58-4A43-99B0-B411E72FFCE0}.Release|Any CPU.Build.0 = Release|Any CPU
	EndGlobalSection
	GlobalSection(SolutionProperties) = preSolution
		HideSolutionNode = FALSE
	EndGlobalSection
	GlobalSection(ExtensibilityGlobals) = postSolution
		SolutionGuid = {6F6D78F1-F2C2-4C8A-8A6D-EAE5DCA0296C}
	EndGlobalSection
EndGlobal
