
Microsoft Visual Studio Solution File, Format Version 12.00
# Visual Studio Version 16
VisualStudioVersion = 16.0.30711.63
MinimumVisualStudioVersion = 10.0.40219.1
Project("{FAE04EC0-301F-11D3-BF4B-00C04F79EFBC}") = "HelloWorld", "HelloWorld\HelloWorld.csproj", "{FCCE96D4-CDF5-4BB7-B1AF-8206657CFDB9}"
EndProject
Global
	GlobalSection(SolutionConfigurationPlatforms) = preSolution
		Debug|Any CPU = Debug|Any CPU
		Release|Any CPU = Release|Any CPU
	EndGlobalSection
	GlobalSection(ProjectConfigurationPlatforms) = postSolution
		{FCCE96D4-CDF5-4BB7-B1AF-8206657CFDB9}.Debug|Any CPU.ActiveCfg = Debug|Any CPU
		{FCCE96D4-CDF5-4BB7-B1AF-8206657CFDB9}.Debug|Any CPU.Build.0 = Debug|Any CPU
		{FCCE96D4-CDF5-4BB7-B1AF-8206657CFDB9}.Release|Any CPU.ActiveCfg = Release|Any CPU
		{FCCE96D4-CDF5-4BB7-B1AF-8206657CFDB9}.Release|Any CPU.Build.0 = Release|Any CPU
	EndGlobalSection
	GlobalSection(SolutionProperties) = preSolution
		HideSolutionNode = FALSE
	EndGlobalSection
	GlobalSection(ExtensibilityGlobals) = postSolution
		SolutionGuid = {DE70D3E2-CD3F-4FAB-92E6-5E7FD6AEDB5F}
	EndGlobalSection
EndGlobal
