
Microsoft Visual Studio Solution File, Format Version 12.00
# Visual Studio Version 16
VisualStudioVersion = 16.0.30711.63
MinimumVisualStudioVersion = 10.0.40219.1
Project("{FAE04EC0-301F-11D3-BF4B-00C04F79EFBC}") = "ConsoleApp7", "ConsoleApp7\ConsoleApp7.csproj", "{B9DDB15E-5B27-4FD2-928C-47AB57F4CC89}"
EndProject
Global
	GlobalSection(SolutionConfigurationPlatforms) = preSolution
		Debug|Any CPU = Debug|Any CPU
		Release|Any CPU = Release|Any CPU
	EndGlobalSection
	GlobalSection(ProjectConfigurationPlatforms) = postSolution
		{B9DDB15E-5B27-4FD2-928C-47AB57F4CC89}.Debug|Any CPU.ActiveCfg = Debug|Any CPU
		{B9DDB15E-5B27-4FD2-928C-47AB57F4CC89}.Debug|Any CPU.Build.0 = Debug|Any CPU
		{B9DDB15E-5B27-4FD2-928C-47AB57F4CC89}.Release|Any CPU.ActiveCfg = Release|Any CPU
		{B9DDB15E-5B27-4FD2-928C-47AB57F4CC89}.Release|Any CPU.Build.0 = Release|Any CPU
	EndGlobalSection
	GlobalSection(SolutionProperties) = preSolution
		HideSolutionNode = FALSE
	EndGlobalSection
	GlobalSection(ExtensibilityGlobals) = postSolution
		SolutionGuid = {3C3F45E4-87DF-4895-8C15-C6939CB791AD}
	EndGlobalSection
EndGlobal
