
Microsoft Visual Studio Solution File, Format Version 12.00
# Visual Studio Version 16
VisualStudioVersion = 16.0.30711.63
MinimumVisualStudioVersion = 10.0.40219.1
Project("{FAE04EC0-301F-11D3-BF4B-00C04F79EFBC}") = "Practices", "Practices\Practices.csproj", "{8154E059-ED45-4AEE-AE48-7B05B5C09551}"
EndProject
Global
	GlobalSection(SolutionConfigurationPlatforms) = preSolution
		Debug|Any CPU = Debug|Any CPU
		Release|Any CPU = Release|Any CPU
	EndGlobalSection
	GlobalSection(ProjectConfigurationPlatforms) = postSolution
		{8154E059-ED45-4AEE-AE48-7B05B5C09551}.Debug|Any CPU.ActiveCfg = Debug|Any CPU
		{8154E059-ED45-4AEE-AE48-7B05B5C09551}.Debug|Any CPU.Build.0 = Debug|Any CPU
		{8154E059-ED45-4AEE-AE48-7B05B5C09551}.Release|Any CPU.ActiveCfg = Release|Any CPU
		{8154E059-ED45-4AEE-AE48-7B05B5C09551}.Release|Any CPU.Build.0 = Release|Any CPU
	EndGlobalSection
	GlobalSection(SolutionProperties) = preSolution
		HideSolutionNode = FALSE
	EndGlobalSection
	GlobalSection(ExtensibilityGlobals) = postSolution
		SolutionGuid = {307120AD-B212-4536-AF18-536A676E5136}
	EndGlobalSection
EndGlobal
