
Microsoft Visual Studio Solution File, Format Version 12.00
# Visual Studio Version 16
VisualStudioVersion = 16.0.30711.63
MinimumVisualStudioVersion = 10.0.40219.1
Project("{FAE04EC0-301F-11D3-BF4B-00C04F79EFBC}") = "exercise4", "exercise4\exercise4.csproj", "{CAC8751A-29C4-4726-ADA7-8CCA08E4EDC5}"
EndProject
Global
	GlobalSection(SolutionConfigurationPlatforms) = preSolution
		Debug|Any CPU = Debug|Any CPU
		Release|Any CPU = Release|Any CPU
	EndGlobalSection
	GlobalSection(ProjectConfigurationPlatforms) = postSolution
		{CAC8751A-29C4-4726-ADA7-8CCA08E4EDC5}.Debug|Any CPU.ActiveCfg = Debug|Any CPU
		{CAC8751A-29C4-4726-ADA7-8CCA08E4EDC5}.Debug|Any CPU.Build.0 = Debug|Any CPU
		{CAC8751A-29C4-4726-ADA7-8CCA08E4EDC5}.Release|Any CPU.ActiveCfg = Release|Any CPU
		{CAC8751A-29C4-4726-ADA7-8CCA08E4EDC5}.Release|Any CPU.Build.0 = Release|Any CPU
	EndGlobalSection
	GlobalSection(SolutionProperties) = preSolution
		HideSolutionNode = FALSE
	EndGlobalSection
	GlobalSection(ExtensibilityGlobals) = postSolution
		SolutionGuid = {5B9AF7C1-6D3A-4B67-9FAD-39C548796B27}
	EndGlobalSection
EndGlobal
