
Microsoft Visual Studio Solution File, Format Version 12.00
# Visual Studio Version 16
VisualStudioVersion = 16.0.30711.63
MinimumVisualStudioVersion = 10.0.40219.1
Project("{FAE04EC0-301F-11D3-BF4B-00C04F79EFBC}") = "VideoEncoder", "VideoEncoder\VideoEncoder.csproj", "{EBA81803-0AC5-43C9-B143-46D53FA185AE}"
EndProject
Global
	GlobalSection(SolutionConfigurationPlatforms) = preSolution
		Debug|Any CPU = Debug|Any CPU
		Release|Any CPU = Release|Any CPU
	EndGlobalSection
	GlobalSection(ProjectConfigurationPlatforms) = postSolution
		{EBA81803-0AC5-43C9-B143-46D53FA185AE}.Debug|Any CPU.ActiveCfg = Debug|Any CPU
		{EBA81803-0AC5-43C9-B143-46D53FA185AE}.Debug|Any CPU.Build.0 = Debug|Any CPU
		{EBA81803-0AC5-43C9-B143-46D53FA185AE}.Release|Any CPU.ActiveCfg = Release|Any CPU
		{EBA81803-0AC5-43C9-B143-46D53FA185AE}.Release|Any CPU.Build.0 = Release|Any CPU
	EndGlobalSection
	GlobalSection(SolutionProperties) = preSolution
		HideSolutionNode = FALSE
	EndGlobalSection
	GlobalSection(ExtensibilityGlobals) = postSolution
		SolutionGuid = {E2799166-8B91-4B7B-B9B7-29E8407B2270}
	EndGlobalSection
EndGlobal
