
Microsoft Visual Studio Solution File, Format Version 12.00
# Visual Studio Version 16
VisualStudioVersion = 16.0.30711.63
MinimumVisualStudioVersion = 10.0.40219.1
Project("{FAE04EC0-301F-11D3-BF4B-00C04F79EFBC}") = "Searching", "Searching\Searching.csproj", "{96976E2A-F893-42E3-9D60-D1CA7557C022}"
EndProject
Global
	GlobalSection(SolutionConfigurationPlatforms) = preSolution
		Debug|Any CPU = Debug|Any CPU
		Release|Any CPU = Release|Any CPU
	EndGlobalSection
	GlobalSection(ProjectConfigurationPlatforms) = postSolution
		{96976E2A-F893-42E3-9D60-D1CA7557C022}.Debug|Any CPU.ActiveCfg = Debug|Any CPU
		{96976E2A-F893-42E3-9D60-D1CA7557C022}.Debug|Any CPU.Build.0 = Debug|Any CPU
		{96976E2A-F893-42E3-9D60-D1CA7557C022}.Release|Any CPU.ActiveCfg = Release|Any CPU
		{96976E2A-F893-42E3-9D60-D1CA7557C022}.Release|Any CPU.Build.0 = Release|Any CPU
	EndGlobalSection
	GlobalSection(SolutionProperties) = preSolution
		HideSolutionNode = FALSE
	EndGlobalSection
	GlobalSection(ExtensibilityGlobals) = postSolution
		SolutionGuid = {23273AF8-DD8D-4DCC-8569-9597EA139229}
	EndGlobalSection
EndGlobal
