
Microsoft Visual Studio Solution File, Format Version 12.00
# Visual Studio Version 16
VisualStudioVersion = 16.0.30711.63
MinimumVisualStudioVersion = 10.0.40219.1
Project("{FAE04EC0-301F-11D3-BF4B-00C04F79EFBC}") = "Added two numbetrr", "Added two numbetrr\Added two numbetrr.csproj", "{68B4FE97-B538-434A-88DE-14C93C5ECDB9}"
EndProject
Global
	GlobalSection(SolutionConfigurationPlatforms) = preSolution
		Debug|Any CPU = Debug|Any CPU
		Release|Any CPU = Release|Any CPU
	EndGlobalSection
	GlobalSection(ProjectConfigurationPlatforms) = postSolution
		{68B4FE97-B538-434A-88DE-14C93C5ECDB9}.Debug|Any CPU.ActiveCfg = Debug|Any CPU
		{68B4FE97-B538-434A-88DE-14C93C5ECDB9}.Debug|Any CPU.Build.0 = Debug|Any CPU
		{68B4FE97-B538-434A-88DE-14C93C5ECDB9}.Release|Any CPU.ActiveCfg = Release|Any CPU
		{68B4FE97-B538-434A-88DE-14C93C5ECDB9}.Release|Any CPU.Build.0 = Release|Any CPU
	EndGlobalSection
	GlobalSection(SolutionProperties) = preSolution
		HideSolutionNode = FALSE
	EndGlobalSection
	GlobalSection(ExtensibilityGlobals) = postSolution
		SolutionGuid = {0758DD7C-C6C8-4015-87B3-7498C1DA6E8A}
	EndGlobalSection
EndGlobal
