
Microsoft Visual Studio Solution File, Format Version 12.00
# Visual Studio Version 16
VisualStudioVersion = 16.0.30711.63
MinimumVisualStudioVersion = 10.0.40219.1
Project("{FAE04EC0-301F-11D3-BF4B-00C04F79EFBC}") = "WhileLoop", "WhileLoop\WhileLoop.csproj", "{D66C8B81-20FA-4483-964A-AE4306E52475}"
EndProject
Global
	GlobalSection(SolutionConfigurationPlatforms) = preSolution
		Debug|Any CPU = Debug|Any CPU
		Release|Any CPU = Release|Any CPU
	EndGlobalSection
	GlobalSection(ProjectConfigurationPlatforms) = postSolution
		{D66C8B81-20FA-4483-964A-AE4306E52475}.Debug|Any CPU.ActiveCfg = Debug|Any CPU
		{D66C8B81-20FA-4483-964A-AE4306E52475}.Debug|Any CPU.Build.0 = Debug|Any CPU
		{D66C8B81-20FA-4483-964A-AE4306E52475}.Release|Any CPU.ActiveCfg = Release|Any CPU
		{D66C8B81-20FA-4483-964A-AE4306E52475}.Release|Any CPU.Build.0 = Release|Any CPU
	EndGlobalSection
	GlobalSection(SolutionProperties) = preSolution
		HideSolutionNode = FALSE
	EndGlobalSection
	GlobalSection(ExtensibilityGlobals) = postSolution
		SolutionGuid = {CDB9229D-425A-432A-A85A-D6305E8B0AA5}
	EndGlobalSection
EndGlobal
