
Microsoft Visual Studio Solution File, Format Version 12.00
# Visual Studio Version 16
VisualStudioVersion = 16.0.30711.63
MinimumVisualStudioVersion = 10.0.40219.1
Project("{FAE04EC0-301F-11D3-BF4B-00C04F79EFBC}") = "ConsoleApp15", "ConsoleApp15\ConsoleApp15.csproj", "{2692F484-9394-4DE7-951B-E9848E4F95A0}"
EndProject
Global
	GlobalSection(SolutionConfigurationPlatforms) = preSolution
		Debug|Any CPU = Debug|Any CPU
		Release|Any CPU = Release|Any CPU
	EndGlobalSection
	GlobalSection(ProjectConfigurationPlatforms) = postSolution
		{2692F484-9394-4DE7-951B-E9848E4F95A0}.Debug|Any CPU.ActiveCfg = Debug|Any CPU
		{2692F484-9394-4DE7-951B-E9848E4F95A0}.Debug|Any CPU.Build.0 = Debug|Any CPU
		{2692F484-9394-4DE7-951B-E9848E4F95A0}.Release|Any CPU.ActiveCfg = Release|Any CPU
		{2692F484-9394-4DE7-951B-E9848E4F95A0}.Release|Any CPU.Build.0 = Release|Any CPU
	EndGlobalSection
	GlobalSection(SolutionProperties) = preSolution
		HideSolutionNode = FALSE
	EndGlobalSection
	GlobalSection(ExtensibilityGlobals) = postSolution
		SolutionGuid = {AC60AE2C-DB88-4524-AE15-47A82ED58B95}
	EndGlobalSection
EndGlobal
