
Microsoft Visual Studio Solution File, Format Version 12.00
# Visual Studio Version 16
VisualStudioVersion = 16.0.30711.63
MinimumVisualStudioVersion = 10.0.40219.1
Project("{FAE04EC0-301F-11D3-BF4B-00C04F79EFBC}") = "UglyNumbers", "UglyNumbers\UglyNumbers.csproj", "{81CD9086-E13C-4B40-A318-FA8E00AD4E33}"
EndProject
Global
	GlobalSection(SolutionConfigurationPlatforms) = preSolution
		Debug|Any CPU = Debug|Any CPU
		Release|Any CPU = Release|Any CPU
	EndGlobalSection
	GlobalSection(ProjectConfigurationPlatforms) = postSolution
		{81CD9086-E13C-4B40-A318-FA8E00AD4E33}.Debug|Any CPU.ActiveCfg = Debug|Any CPU
		{81CD9086-E13C-4B40-A318-FA8E00AD4E33}.Debug|Any CPU.Build.0 = Debug|Any CPU
		{81CD9086-E13C-4B40-A318-FA8E00AD4E33}.Release|Any CPU.ActiveCfg = Release|Any CPU
		{81CD9086-E13C-4B40-A318-FA8E00AD4E33}.Release|Any CPU.Build.0 = Release|Any CPU
	EndGlobalSection
	GlobalSection(SolutionProperties) = preSolution
		HideSolutionNode = FALSE
	EndGlobalSection
	GlobalSection(ExtensibilityGlobals) = postSolution
		SolutionGuid = {FEC47722-F202-47E8-9FBF-E8BF723F7C15}
	EndGlobalSection
EndGlobal
