
Microsoft Visual Studio Solution File, Format Version 12.00
# Visual Studio Version 16
VisualStudioVersion = 16.0.30711.63
MinimumVisualStudioVersion = 10.0.40219.1
Project("{9A19103F-16F7-4668-BE54-9A1E7A4F7556}") = "TrackerLibrary", "TrackerLibrary\TrackerLibrary.csproj", "{BE0CF651-D4C3-43ED-83EB-85B45DF3B110}"
EndProject
Project("{FAE04EC0-301F-11D3-BF4B-00C04F79EFBC}") = "TravkerUI", "TravkerUI\TravkerUI.csproj", "{F7DD0E30-4690-45DD-AF4C-DA778A7DEC6C}"
EndProject
Project("{2150E333-8FDC-42A3-9474-1A3956D46DE8}") = "Solution Items", "Solution Items", "{AA58F0BD-5582-4C2C-BBA8-93CF6171DD94}"
	ProjectSection(SolutionItems) = preProject
		.editorconfig = .editorconfig
	EndProjectSection
EndProject
Global
	GlobalSection(SolutionConfigurationPlatforms) = preSolution
		Debug|Any CPU = Debug|Any CPU
		Release|Any CPU = Release|Any CPU
	EndGlobalSection
	GlobalSection(ProjectConfigurationPlatforms) = postSolution
		{BE0CF651-D4C3-43ED-83EB-85B45DF3B110}.Debug|Any CPU.ActiveCfg = Debug|Any CPU
		{BE0CF651-D4C3-43ED-83EB-85B45DF3B110}.Debug|Any CPU.Build.0 = Debug|Any CPU
		{BE0CF651-D4C3-43ED-83EB-85B45DF3B110}.Release|Any CPU.ActiveCfg = Release|Any CPU
		{BE0CF651-D4C3-43ED-83EB-85B45DF3B110}.Release|Any CPU.Build.0 = Release|Any CPU
		{F7DD0E30-4690-45DD-AF4C-DA778A7DEC6C}.Debug|Any CPU.ActiveCfg = Debug|Any CPU
		{F7DD0E30-4690-45DD-AF4C-DA778A7DEC6C}.Debug|Any CPU.Build.0 = Debug|Any CPU
		{F7DD0E30-4690-45DD-AF4C-DA778A7DEC6C}.Release|Any CPU.ActiveCfg = Release|Any CPU
		{F7DD0E30-4690-45DD-AF4C-DA778A7DEC6C}.Release|Any CPU.Build.0 = Release|Any CPU
	EndGlobalSection
	GlobalSection(SolutionProperties) = preSolution
		HideSolutionNode = FALSE
	EndGlobalSection
	GlobalSection(ExtensibilityGlobals) = postSolution
		SolutionGuid = {F243D34A-ACDC-4139-8A6B-BD3BC129137F}
	EndGlobalSection
EndGlobal
