
Microsoft Visual Studio Solution File, Format Version 12.00
# Visual Studio Version 16
VisualStudioVersion = 16.0.30711.63
MinimumVisualStudioVersion = 10.0.40219.1
Project("{FAE04EC0-301F-11D3-BF4B-00C04F79EFBC}") = "ConsoleApp6", "ConsoleApp6\ConsoleApp6.csproj", "{A2B8044C-D7A9-4D35-B4A6-716EE1BF5B3E}"
EndProject
Global
	GlobalSection(SolutionConfigurationPlatforms) = preSolution
		Debug|Any CPU = Debug|Any CPU
		Release|Any CPU = Release|Any CPU
	EndGlobalSection
	GlobalSection(ProjectConfigurationPlatforms) = postSolution
		{A2B8044C-D7A9-4D35-B4A6-716EE1BF5B3E}.Debug|Any CPU.ActiveCfg = Debug|Any CPU
		{A2B8044C-D7A9-4D35-B4A6-716EE1BF5B3E}.Debug|Any CPU.Build.0 = Debug|Any CPU
		{A2B8044C-D7A9-4D35-B4A6-716EE1BF5B3E}.Release|Any CPU.ActiveCfg = Release|Any CPU
		{A2B8044C-D7A9-4D35-B4A6-716EE1BF5B3E}.Release|Any CPU.Build.0 = Release|Any CPU
	EndGlobalSection
	GlobalSection(SolutionProperties) = preSolution
		HideSolutionNode = FALSE
	EndGlobalSection
	GlobalSection(ExtensibilityGlobals) = postSolution
		SolutionGuid = {7404D64A-1593-49A0-A437-EA9FFD4FC852}
	EndGlobalSection
EndGlobal
