
Microsoft Visual Studio Solution File, Format Version 12.00
# Visual Studio Version 16
VisualStudioVersion = 16.0.30711.63
MinimumVisualStudioVersion = 10.0.40219.1
Project("{FAE04EC0-301F-11D3-BF4B-00C04F79EFBC}") = "Field", "Field\Field.csproj", "{0F1B7EAA-9322-4B49-8C58-6D8577FA85A8}"
EndProject
Global
	GlobalSection(SolutionConfigurationPlatforms) = preSolution
		Debug|Any CPU = Debug|Any CPU
		Release|Any CPU = Release|Any CPU
	EndGlobalSection
	GlobalSection(ProjectConfigurationPlatforms) = postSolution
		{0F1B7EAA-9322-4B49-8C58-6D8577FA85A8}.Debug|Any CPU.ActiveCfg = Debug|Any CPU
		{0F1B7EAA-9322-4B49-8C58-6D8577FA85A8}.Debug|Any CPU.Build.0 = Debug|Any CPU
		{0F1B7EAA-9322-4B49-8C58-6D8577FA85A8}.Release|Any CPU.ActiveCfg = Release|Any CPU
		{0F1B7EAA-9322-4B49-8C58-6D8577FA85A8}.Release|Any CPU.Build.0 = Release|Any CPU
	EndGlobalSection
	GlobalSection(SolutionProperties) = preSolution
		HideSolutionNode = FALSE
	EndGlobalSection
	GlobalSection(ExtensibilityGlobals) = postSolution
		SolutionGuid = {AC83C23F-9281-417A-AB95-3E10735645F1}
	EndGlobalSection
EndGlobal
