
Microsoft Visual Studio Solution File, Format Version 12.00
# Visual Studio Version 16
VisualStudioVersion = 16.0.30711.63
MinimumVisualStudioVersion = 10.0.40219.1
Project("{FAE04EC0-301F-11D3-BF4B-00C04F79EFBC}") = "WpfApp1", "WpfApp1\WpfApp1.csproj", "{B69E2741-4CF7-4EB8-880E-AF0E5442D32B}"
EndProject
Global
	GlobalSection(SolutionConfigurationPlatforms) = preSolution
		Debug|Any CPU = Debug|Any CPU
		Release|Any CPU = Release|Any CPU
	EndGlobalSection
	GlobalSection(ProjectConfigurationPlatforms) = postSolution
		{B69E2741-4CF7-4EB8-880E-AF0E5442D32B}.Debug|Any CPU.ActiveCfg = Debug|Any CPU
		{B69E2741-4CF7-4EB8-880E-AF0E5442D32B}.Debug|Any CPU.Build.0 = Debug|Any CPU
		{B69E2741-4CF7-4EB8-880E-AF0E5442D32B}.Release|Any CPU.ActiveCfg = Release|Any CPU
		{B69E2741-4CF7-4EB8-880E-AF0E5442D32B}.Release|Any CPU.Build.0 = Release|Any CPU
	EndGlobalSection
	GlobalSection(SolutionProperties) = preSolution
		HideSolutionNode = FALSE
	EndGlobalSection
	GlobalSection(ExtensibilityGlobals) = postSolution
		SolutionGuid = {B455D21B-BFF6-46F4-BF54-296FC1860666}
	EndGlobalSection
EndGlobal
