
Microsoft Visual Studio Solution File, Format Version 12.00
# Visual Studio Version 16
VisualStudioVersion = 16.0.30711.63
MinimumVisualStudioVersion = 10.0.40219.1
Project("{FAE04EC0-301F-11D3-BF4B-00C04F79EFBC}") = "Polymorphism", "Polymorphism\Polymorphism.csproj", "{7EE06E35-9C91-4A1C-BB3C-746FBEFACC19}"
EndProject
Global
	GlobalSection(SolutionConfigurationPlatforms) = preSolution
		Debug|Any CPU = Debug|Any CPU
		Release|Any CPU = Release|Any CPU
	EndGlobalSection
	GlobalSection(ProjectConfigurationPlatforms) = postSolution
		{7EE06E35-9C91-4A1C-BB3C-746FBEFACC19}.Debug|Any CPU.ActiveCfg = Debug|Any CPU
		{7EE06E35-9C91-4A1C-BB3C-746FBEFACC19}.Debug|Any CPU.Build.0 = Debug|Any CPU
		{7EE06E35-9C91-4A1C-BB3C-746FBEFACC19}.Release|Any CPU.ActiveCfg = Release|Any CPU
		{7EE06E35-9C91-4A1C-BB3C-746FBEFACC19}.Release|Any CPU.Build.0 = Release|Any CPU
	EndGlobalSection
	GlobalSection(SolutionProperties) = preSolution
		HideSolutionNode = FALSE
	EndGlobalSection
	GlobalSection(ExtensibilityGlobals) = postSolution
		SolutionGuid = {050DA367-7E98-41F7-8B51-23778F6E7BCD}
	EndGlobalSection
EndGlobal
