
Microsoft Visual Studio Solution File, Format Version 12.00
# Visual Studio Version 16
VisualStudioVersion = 16.0.30711.63
MinimumVisualStudioVersion = 10.0.40219.1
Project("{FAE04EC0-301F-11D3-BF4B-00C04F79EFBC}") = "Accessmodifer", "Accessmodifer\Accessmodifer.csproj", "{4C3E4602-A7C3-44F3-AFA7-CBC97277518F}"
EndProject
Global
	GlobalSection(SolutionConfigurationPlatforms) = preSolution
		Debug|Any CPU = Debug|Any CPU
		Release|Any CPU = Release|Any CPU
	EndGlobalSection
	GlobalSection(ProjectConfigurationPlatforms) = postSolution
		{4C3E4602-A7C3-44F3-AFA7-CBC97277518F}.Debug|Any CPU.ActiveCfg = Debug|Any CPU
		{4C3E4602-A7C3-44F3-AFA7-CBC97277518F}.Debug|Any CPU.Build.0 = Debug|Any CPU
		{4C3E4602-A7C3-44F3-AFA7-CBC97277518F}.Release|Any CPU.ActiveCfg = Release|Any CPU
		{4C3E4602-A7C3-44F3-AFA7-CBC97277518F}.Release|Any CPU.Build.0 = Release|Any CPU
	EndGlobalSection
	GlobalSection(SolutionProperties) = preSolution
		HideSolutionNode = FALSE
	EndGlobalSection
	GlobalSection(ExtensibilityGlobals) = postSolution
		SolutionGuid = {C4D02274-D7CA-4375-8CF8-C19CC2D1A5B8}
	EndGlobalSection
EndGlobal
