
Microsoft Visual Studio Solution File, Format Version 12.00
# Visual Studio Version 16
VisualStudioVersion = 16.0.30711.63
MinimumVisualStudioVersion = 10.0.40219.1
Project("{9A19103F-16F7-4668-BE54-9A1E7A4F7556}") = "BookListRazor", "BookListRazor\BookListRazor.csproj", "{74001074-F8FC-4858-B2DE-A0321096281D}"
EndProject
Global
	GlobalSection(SolutionConfigurationPlatforms) = preSolution
		Debug|Any CPU = Debug|Any CPU
		Release|Any CPU = Release|Any CPU
	EndGlobalSection
	GlobalSection(ProjectConfigurationPlatforms) = postSolution
		{74001074-F8FC-4858-B2DE-A0321096281D}.Debug|Any CPU.ActiveCfg = Debug|Any CPU
		{74001074-F8FC-4858-B2DE-A0321096281D}.Debug|Any CPU.Build.0 = Debug|Any CPU
		{74001074-F8FC-4858-B2DE-A0321096281D}.Release|Any CPU.ActiveCfg = Release|Any CPU
		{74001074-F8FC-4858-B2DE-A0321096281D}.Release|Any CPU.Build.0 = Release|Any CPU
	EndGlobalSection
	GlobalSection(SolutionProperties) = preSolution
		HideSolutionNode = FALSE
	EndGlobalSection
	GlobalSection(ExtensibilityGlobals) = postSolution
		SolutionGuid = {6F290D71-9D5B-4429-97D9-0DB12530FD33}
	EndGlobalSection
EndGlobal
