
Microsoft Visual Studio Solution File, Format Version 12.00
# Visual Studio Version 16
VisualStudioVersion = 16.0.30711.63
MinimumVisualStudioVersion = 10.0.40219.1
Project("{FAE04EC0-301F-11D3-BF4B-00C04F79EFBC}") = "ConsoleApp31", "ConsoleApp31\ConsoleApp31.csproj", "{36F7A83A-43A4-4044-AAAD-27C528163037}"
EndProject
Global
	GlobalSection(SolutionConfigurationPlatforms) = preSolution
		Debug|Any CPU = Debug|Any CPU
		Release|Any CPU = Release|Any CPU
	EndGlobalSection
	GlobalSection(ProjectConfigurationPlatforms) = postSolution
		{36F7A83A-43A4-4044-AAAD-27C528163037}.Debug|Any CPU.ActiveCfg = Debug|Any CPU
		{36F7A83A-43A4-4044-AAAD-27C528163037}.Debug|Any CPU.Build.0 = Debug|Any CPU
		{36F7A83A-43A4-4044-AAAD-27C528163037}.Release|Any CPU.ActiveCfg = Release|Any CPU
		{36F7A83A-43A4-4044-AAAD-27C528163037}.Release|Any CPU.Build.0 = Release|Any CPU
	EndGlobalSection
	GlobalSection(SolutionProperties) = preSolution
		HideSolutionNode = FALSE
	EndGlobalSection
	GlobalSection(ExtensibilityGlobals) = postSolution
		SolutionGuid = {615CBAC6-34ED-44CA-88D4-31C686CE439C}
	EndGlobalSection
EndGlobal
