
Microsoft Visual Studio Solution File, Format Version 12.00
# Visual Studio Version 16
VisualStudioVersion = 16.0.30711.63
MinimumVisualStudioVersion = 10.0.40219.1
Project("{FAE04EC0-301F-11D3-BF4B-00C04F79EFBC}") = "Practicess", "Practicess\Practicess.csproj", "{323DFCA1-592B-4B27-93C7-054749672117}"
EndProject
Global
	GlobalSection(SolutionConfigurationPlatforms) = preSolution
		Debug|Any CPU = Debug|Any CPU
		Release|Any CPU = Release|Any CPU
	EndGlobalSection
	GlobalSection(ProjectConfigurationPlatforms) = postSolution
		{323DFCA1-592B-4B27-93C7-054749672117}.Debug|Any CPU.ActiveCfg = Debug|Any CPU
		{323DFCA1-592B-4B27-93C7-054749672117}.Debug|Any CPU.Build.0 = Debug|Any CPU
		{323DFCA1-592B-4B27-93C7-054749672117}.Release|Any CPU.ActiveCfg = Release|Any CPU
		{323DFCA1-592B-4B27-93C7-054749672117}.Release|Any CPU.Build.0 = Release|Any CPU
	EndGlobalSection
	GlobalSection(SolutionProperties) = preSolution
		HideSolutionNode = FALSE
	EndGlobalSection
	GlobalSection(ExtensibilityGlobals) = postSolution
		SolutionGuid = {DFE45C29-0DFE-4F56-A30D-55149C2508D6}
	EndGlobalSection
EndGlobal
