
Microsoft Visual Studio Solution File, Format Version 12.00
# Visual Studio Version 16
VisualStudioVersion = 16.0.30711.63
MinimumVisualStudioVersion = 10.0.40219.1
Project("{FAE04EC0-301F-11D3-BF4B-00C04F79EFBC}") = "AbstractClass", "AbstractClass\AbstractClass.csproj", "{0C4F6517-5437-4867-8202-D9C18CEB5FAC}"
EndProject
Global
	GlobalSection(SolutionConfigurationPlatforms) = preSolution
		Debug|Any CPU = Debug|Any CPU
		Release|Any CPU = Release|Any CPU
	EndGlobalSection
	GlobalSection(ProjectConfigurationPlatforms) = postSolution
		{0C4F6517-5437-4867-8202-D9C18CEB5FAC}.Debug|Any CPU.ActiveCfg = Debug|Any CPU
		{0C4F6517-5437-4867-8202-D9C18CEB5FAC}.Debug|Any CPU.Build.0 = Debug|Any CPU
		{0C4F6517-5437-4867-8202-D9C18CEB5FAC}.Release|Any CPU.ActiveCfg = Release|Any CPU
		{0C4F6517-5437-4867-8202-D9C18CEB5FAC}.Release|Any CPU.Build.0 = Release|Any CPU
	EndGlobalSection
	GlobalSection(SolutionProperties) = preSolution
		HideSolutionNode = FALSE
	EndGlobalSection
	GlobalSection(ExtensibilityGlobals) = postSolution
		SolutionGuid = {672DD7CB-201F-4D65-A148-3FCBC2815D59}
	EndGlobalSection
EndGlobal
