
Microsoft Visual Studio Solution File, Format Version 12.00
# Visual Studio Version 16
VisualStudioVersion = 16.0.30711.63
MinimumVisualStudioVersion = 10.0.40219.1
Project("{FAE04EC0-301F-11D3-BF4B-00C04F79EFBC}") = "WorkflowEngine", "WorkflowEngine\WorkflowEngine.csproj", "{EF3429A7-12BC-4C34-A1B2-910604975A58}"
EndProject
Global
	GlobalSection(SolutionConfigurationPlatforms) = preSolution
		Debug|Any CPU = Debug|Any CPU
		Release|Any CPU = Release|Any CPU
	EndGlobalSection
	GlobalSection(ProjectConfigurationPlatforms) = postSolution
		{EF3429A7-12BC-4C34-A1B2-910604975A58}.Debug|Any CPU.ActiveCfg = Debug|Any CPU
		{EF3429A7-12BC-4C34-A1B2-910604975A58}.Debug|Any CPU.Build.0 = Debug|Any CPU
		{EF3429A7-12BC-4C34-A1B2-910604975A58}.Release|Any CPU.ActiveCfg = Release|Any CPU
		{EF3429A7-12BC-4C34-A1B2-910604975A58}.Release|Any CPU.Build.0 = Release|Any CPU
	EndGlobalSection
	GlobalSection(SolutionProperties) = preSolution
		HideSolutionNode = FALSE
	EndGlobalSection
	GlobalSection(ExtensibilityGlobals) = postSolution
		SolutionGuid = {E7557443-9D4A-43BB-80E9-AFED4014B11F}
	EndGlobalSection
EndGlobal
